// !$*UTF8*$!
{
	archiveVersion = 1;
	classes = {
	};
	objectVersion = 56;
	objects = {

/* Begin PBXBuildFile section */
		2714FEA82C54CA3A0014CFE0 /* PlaceFeature in Frameworks */ = {isa = PBXBuildFile; productRef = 2714FEA72C54CA3A0014CFE0 /* PlaceFeature */; };
		2714FEAA2C57C3580014CFE0 /* SearchService in Frameworks */ = {isa = PBXBuildFile; productRef = 2714FEA92C57C3580014CFE0 /* SearchService */; };
		2714FEAD2C58A0F80014CFE0 /* CashbackShortcuts.swift in Sources */ = {isa = PBXBuildFile; fileRef = 2714FEAC2C58A0F80014CFE0 /* CashbackShortcuts.swift */; };
		2714FEAF2C58A1E40014CFE0 /* CreateCardIntent.swift in Sources */ = {isa = PBXBuildFile; fileRef = 2714FEAE2C58A1E40014CFE0 /* CreateCardIntent.swift */; };
		2714FEB12C58B1150014CFE0 /* CheckCardCashbackIntent.swift in Sources */ = {isa = PBXBuildFile; fileRef = 2714FEB02C58B1150014CFE0 /* CheckCardCashbackIntent.swift */; };
		2714FEB32C58B41A0014CFE0 /* CheckCategoryCardsIntent.swift in Sources */ = {isa = PBXBuildFile; fileRef = 2714FEB22C58B41A0014CFE0 /* CheckCategoryCardsIntent.swift */; };
		2714FEB62C58B44F0014CFE0 /* AppFactory.swift in Sources */ = {isa = PBXBuildFile; fileRef = 2714FEB52C58B44F0014CFE0 /* AppFactory.swift */; };
		2714FEB82C58B9D70014CFE0 /* CheckPlaceCategoryIntent.swift in Sources */ = {isa = PBXBuildFile; fileRef = 2714FEB72C58B9D70014CFE0 /* CheckPlaceCategoryIntent.swift */; };
		2714FEBA2C58BD4A0014CFE0 /* CheckPlaceCardIntent.swift in Sources */ = {isa = PBXBuildFile; fileRef = 2714FEB92C58BD4A0014CFE0 /* CheckPlaceCardIntent.swift */; };
		27208E732C54C4970097794D /* CashbackFeature in Frameworks */ = {isa = PBXBuildFile; productRef = 27208E722C54C4970097794D /* CashbackFeature */; };
		2723208E2C7F8367005B658A /* DeleteCategoryIntent.swift in Sources */ = {isa = PBXBuildFile; fileRef = 2723208D2C7F8367005B658A /* DeleteCategoryIntent.swift */; };
		272320902C7F85E0005B658A /* DeletePlaceIntent.swift in Sources */ = {isa = PBXBuildFile; fileRef = 2723208F2C7F85E0005B658A /* DeletePlaceIntent.swift */; };
		272320922C7F867C005B658A /* DeleteCardIntent.swift in Sources */ = {isa = PBXBuildFile; fileRef = 272320912C7F867C005B658A /* DeleteCardIntent.swift */; };
		272320942C7F86EA005B658A /* DeleteCashbackIntent.swift in Sources */ = {isa = PBXBuildFile; fileRef = 272320932C7F86EA005B658A /* DeleteCashbackIntent.swift */; };
		272CA8D42C54C6E600A00E90 /* Domain in Frameworks */ = {isa = PBXBuildFile; productRef = 272CA8D32C54C6E600A00E90 /* Domain */; };
		27368B6B2C395E5800FC0475 /* BanksStoreTests.swift in Sources */ = {isa = PBXBuildFile; fileRef = 27368B622C395E5800FC0475 /* BanksStoreTests.swift */; };
		27368B802C426E8E00FC0475 /* (null) in Frameworks */ = {isa = PBXBuildFile; };
		27368BBD2C4BB11100FC0475 /* WidgetKit.framework in Frameworks */ = {isa = PBXBuildFile; fileRef = 27368BBC2C4BB11000FC0475 /* WidgetKit.framework */; };
		27368BBF2C4BB11100FC0475 /* SwiftUI.framework in Frameworks */ = {isa = PBXBuildFile; fileRef = 27368BBE2C4BB11100FC0475 /* SwiftUI.framework */; };
		27368BC22C4BB11100FC0475 /* CashbackWidgetBundle.swift in Sources */ = {isa = PBXBuildFile; fileRef = 27368BC12C4BB11100FC0475 /* CashbackWidgetBundle.swift */; };
		27368BC42C4BB11100FC0475 /* CardWidget.swift in Sources */ = {isa = PBXBuildFile; fileRef = 27368BC32C4BB11100FC0475 /* CardWidget.swift */; };
		27368BC62C4BB11200FC0475 /* Assets.xcassets in Resources */ = {isa = PBXBuildFile; fileRef = 27368BC52C4BB11200FC0475 /* Assets.xcassets */; };
		27368BCA2C4BB11200FC0475 /* CashbackWidgetExtension.appex in Embed Foundation Extensions */ = {isa = PBXBuildFile; fileRef = 27368BBB2C4BB11000FC0475 /* CashbackWidgetExtension.appex */; settings = {ATTRIBUTES = (RemoveHeadersOnCopy, ); }; };
		27368BD52C4BB20A00FC0475 /* CardWidgetProvider.swift in Sources */ = {isa = PBXBuildFile; fileRef = 27368BCF2C4BB1AC00FC0475 /* CardWidgetProvider.swift */; };
		27368BD62C4BB22500FC0475 /* CardWidgetEntry.swift in Sources */ = {isa = PBXBuildFile; fileRef = 27368BD12C4BB1D000FC0475 /* CardWidgetEntry.swift */; };
		27368BD72C4BB22700FC0475 /* CashbackWidgetEntryView.swift in Sources */ = {isa = PBXBuildFile; fileRef = 27368BD32C4BB1E300FC0475 /* CashbackWidgetEntryView.swift */; };
		27368BDA2C4BB67200FC0475 /* ChangeCurrentCardIntent.swift in Sources */ = {isa = PBXBuildFile; fileRef = 27368BD82C4BB54300FC0475 /* ChangeCurrentCardIntent.swift */; };
		27368BE02C4BB85400FC0475 /* Domain in Frameworks */ = {isa = PBXBuildFile; productRef = 27368BDF2C4BB85400FC0475 /* Domain */; };
		27368BEA2C4CDE9A00FC0475 /* DesignSystem in Frameworks */ = {isa = PBXBuildFile; productRef = 27368BE92C4CDE9A00FC0475 /* DesignSystem */; };
		274861FB2C53463E00788C1A /* CardsService in Frameworks */ = {isa = PBXBuildFile; productRef = 274861FA2C53463E00788C1A /* CardsService */; };
		274862092C534AB200788C1A /* Shared in Frameworks */ = {isa = PBXBuildFile; productRef = 274862082C534AB200788C1A /* Shared */; };
		2755A3102CB9742A002F61EC /* PaymentFeature in Frameworks */ = {isa = PBXBuildFile; productRef = 2755A30F2CB9742A002F61EC /* PaymentFeature */; };
		2755A3122CBA4B73002F61EC /* IncomeService in Frameworks */ = {isa = PBXBuildFile; productRef = 2755A3112CBA4B73002F61EC /* IncomeService */; };
		2755A3142CBA4B7D002F61EC /* IncomeService in Frameworks */ = {isa = PBXBuildFile; productRef = 2755A3132CBA4B7D002F61EC /* IncomeService */; };
		2755A3162CBA4BB1002F61EC /* CreateIncomeIntent.swift in Sources */ = {isa = PBXBuildFile; fileRef = 2755A3152CBA4BB1002F61EC /* CreateIncomeIntent.swift */; };
		2755A31B2CBBA609002F61EC /* CardEntity.swift in Sources */ = {isa = PBXBuildFile; fileRef = 2755A31A2CBBA609002F61EC /* CardEntity.swift */; };
		2755A31F2CC939F5002F61EC /* SettingsView.swift in Sources */ = {isa = PBXBuildFile; fileRef = 2755A31E2CC939F5002F61EC /* SettingsView.swift */; };
		2755A3252CC9EECC002F61EC /* NotificationService in Frameworks */ = {isa = PBXBuildFile; productRef = 2755A3242CC9EECC002F61EC /* NotificationService */; };
		2755A3272CC9F113002F61EC /* NotificationService in Frameworks */ = {isa = PBXBuildFile; productRef = 2755A3262CC9F113002F61EC /* NotificationService */; };
		2755A32B2CCD1E7E002F61EC /* ContentView.swift in Sources */ = {isa = PBXBuildFile; fileRef = 2755A32A2CCD1E7E002F61EC /* ContentView.swift */; };
		2755A32E2CCD5B23002F61EC /* UserDataService in Frameworks */ = {isa = PBXBuildFile; productRef = 2755A32D2CCD5B23002F61EC /* UserDataService */; };
		2755A3302CCD5B2A002F61EC /* UserDataService in Frameworks */ = {isa = PBXBuildFile; productRef = 2755A32F2CCD5B2A002F61EC /* UserDataService */; };
		277130E62C73C0AA00C26CD8 /* CategoryService in Frameworks */ = {isa = PBXBuildFile; productRef = 277130E52C73C0AA00C26CD8 /* CategoryService */; };
		277130E82C73C0AF00C26CD8 /* PlaceService in Frameworks */ = {isa = PBXBuildFile; productRef = 277130E72C73C0AF00C26CD8 /* PlaceService */; };
		277130EA2C73C0B200C26CD8 /* SearchService in Frameworks */ = {isa = PBXBuildFile; productRef = 277130E92C73C0B200C26CD8 /* SearchService */; };
		277130EC2C73C52B00C26CD8 /* CreateCategoryIntent.swift in Sources */ = {isa = PBXBuildFile; fileRef = 277130EB2C73C52B00C26CD8 /* CreateCategoryIntent.swift */; };
		277130EE2C73CA1400C26CD8 /* CreateCashbackIntent.swift in Sources */ = {isa = PBXBuildFile; fileRef = 277130ED2C73CA1400C26CD8 /* CreateCashbackIntent.swift */; };
		2781B1242CD7CCA30081A927 /* CashbackFeature in Frameworks */ = {isa = PBXBuildFile; productRef = 2781B1232CD7CCA30081A927 /* CashbackFeature */; };
		2781B1262CD874300081A927 /* PlaceEntity.swift in Sources */ = {isa = PBXBuildFile; fileRef = 2781B1252CD874300081A927 /* PlaceEntity.swift */; };
		2781B1282CD874CC0081A927 /* CategoryEntity.swift in Sources */ = {isa = PBXBuildFile; fileRef = 2781B1272CD874CC0081A927 /* CategoryEntity.swift */; };
		27A5D7EC2C394EC500B93512 /* CashbackManagerUITests.swift in Sources */ = {isa = PBXBuildFile; fileRef = 27A5D7EB2C394EC500B93512 /* CashbackManagerUITests.swift */; };
		27A5D7EE2C394EC500B93512 /* CashbackManagerUITestsLaunchTests.swift in Sources */ = {isa = PBXBuildFile; fileRef = 27A5D7ED2C394EC500B93512 /* CashbackManagerUITestsLaunchTests.swift */; };
		27A5D84D2C394EFF00B93512 /* CashbackApplication.swift in Sources */ = {isa = PBXBuildFile; fileRef = 27A5D7FA2C394EFE00B93512 /* CashbackApplication.swift */; };
		27A5D88A2C394EFF00B93512 /* Assets.xcassets in Resources */ = {isa = PBXBuildFile; fileRef = 27A5D84A2C394EFF00B93512 /* Assets.xcassets */; };
		27AB37252C73B3CE00A00939 /* CreatePlaceIntent.swift in Sources */ = {isa = PBXBuildFile; fileRef = 27AB37242C73B3CE00A00939 /* CreatePlaceIntent.swift */; };
		27AB37272C73BBE200A00939 /* CategoryService in Frameworks */ = {isa = PBXBuildFile; productRef = 27AB37262C73BBE200A00939 /* CategoryService */; };
		27AB37292C73BBE700A00939 /* PlaceService in Frameworks */ = {isa = PBXBuildFile; productRef = 27AB37282C73BBE700A00939 /* PlaceService */; };
		27AB372B2C73BE4B00A00939 /* CardsService in Frameworks */ = {isa = PBXBuildFile; productRef = 27AB372A2C73BE4B00A00939 /* CardsService */; };
		27D329D52C9C894B00964504 /* TextDetectionService in Frameworks */ = {isa = PBXBuildFile; productRef = 27D329D42C9C894B00964504 /* TextDetectionService */; };
		27D329D72C9C8A4D00964504 /* TextDetectionService in Frameworks */ = {isa = PBXBuildFile; productRef = 27D329D62C9C8A4D00964504 /* TextDetectionService */; };
		27EE77BB2C5C020900D12827 /* AppFactory.swift in Sources */ = {isa = PBXBuildFile; fileRef = 2714FEB52C58B44F0014CFE0 /* AppFactory.swift */; };
/* End PBXBuildFile section */

/* Begin PBXContainerItemProxy section */
		27368BC82C4BB11200FC0475 /* PBXContainerItemProxy */ = {
			isa = PBXContainerItemProxy;
			containerPortal = 27A5D7C52C394EC400B93512 /* Project object */;
			proxyType = 1;
			remoteGlobalIDString = 27368BBA2C4BB11000FC0475;
			remoteInfo = CashbackWidgetExtension;
		};
		27A5D7DE2C394EC500B93512 /* PBXContainerItemProxy */ = {
			isa = PBXContainerItemProxy;
			containerPortal = 27A5D7C52C394EC400B93512 /* Project object */;
			proxyType = 1;
			remoteGlobalIDString = 27A5D7CC2C394EC400B93512;
			remoteInfo = CashbackManager;
		};
		27A5D7E82C394EC500B93512 /* PBXContainerItemProxy */ = {
			isa = PBXContainerItemProxy;
			containerPortal = 27A5D7C52C394EC400B93512 /* Project object */;
			proxyType = 1;
			remoteGlobalIDString = 27A5D7CC2C394EC400B93512;
			remoteInfo = CashbackManager;
		};
/* End PBXContainerItemProxy section */

/* Begin PBXCopyFilesBuildPhase section */
		27368BCE2C4BB11200FC0475 /* Embed Foundation Extensions */ = {
			isa = PBXCopyFilesBuildPhase;
			buildActionMask = 2147483647;
			dstPath = "";
			dstSubfolderSpec = 13;
			files = (
				27368BCA2C4BB11200FC0475 /* CashbackWidgetExtension.appex in Embed Foundation Extensions */,
			);
			name = "Embed Foundation Extensions";
			runOnlyForDeploymentPostprocessing = 0;
		};
/* End PBXCopyFilesBuildPhase section */

/* Begin PBXFileReference section */
		2714FEA62C54C93F0014CFE0 /* PlaceFeature */ = {isa = PBXFileReference; lastKnownFileType = wrapper; path = PlaceFeature; sourceTree = "<group>"; };
		2714FEAC2C58A0F80014CFE0 /* CashbackShortcuts.swift */ = {isa = PBXFileReference; lastKnownFileType = sourcecode.swift; path = CashbackShortcuts.swift; sourceTree = "<group>"; };
		2714FEAE2C58A1E40014CFE0 /* CreateCardIntent.swift */ = {isa = PBXFileReference; lastKnownFileType = sourcecode.swift; path = CreateCardIntent.swift; sourceTree = "<group>"; };
		2714FEB02C58B1150014CFE0 /* CheckCardCashbackIntent.swift */ = {isa = PBXFileReference; lastKnownFileType = sourcecode.swift; path = CheckCardCashbackIntent.swift; sourceTree = "<group>"; };
		2714FEB22C58B41A0014CFE0 /* CheckCategoryCardsIntent.swift */ = {isa = PBXFileReference; lastKnownFileType = sourcecode.swift; path = CheckCategoryCardsIntent.swift; sourceTree = "<group>"; };
		2714FEB52C58B44F0014CFE0 /* AppFactory.swift */ = {isa = PBXFileReference; lastKnownFileType = sourcecode.swift; path = AppFactory.swift; sourceTree = "<group>"; };
		2714FEB72C58B9D70014CFE0 /* CheckPlaceCategoryIntent.swift */ = {isa = PBXFileReference; lastKnownFileType = sourcecode.swift; path = CheckPlaceCategoryIntent.swift; sourceTree = "<group>"; };
		2714FEB92C58BD4A0014CFE0 /* CheckPlaceCardIntent.swift */ = {isa = PBXFileReference; lastKnownFileType = sourcecode.swift; path = CheckPlaceCardIntent.swift; sourceTree = "<group>"; };
		2723208D2C7F8367005B658A /* DeleteCategoryIntent.swift */ = {isa = PBXFileReference; lastKnownFileType = sourcecode.swift; path = DeleteCategoryIntent.swift; sourceTree = "<group>"; };
		2723208F2C7F85E0005B658A /* DeletePlaceIntent.swift */ = {isa = PBXFileReference; lastKnownFileType = sourcecode.swift; path = DeletePlaceIntent.swift; sourceTree = "<group>"; };
		272320912C7F867C005B658A /* DeleteCardIntent.swift */ = {isa = PBXFileReference; lastKnownFileType = sourcecode.swift; path = DeleteCardIntent.swift; sourceTree = "<group>"; };
		272320932C7F86EA005B658A /* DeleteCashbackIntent.swift */ = {isa = PBXFileReference; lastKnownFileType = sourcecode.swift; path = DeleteCashbackIntent.swift; sourceTree = "<group>"; };
		272CA8D52C54C85800A00E90 /* CommonScenes */ = {isa = PBXFileReference; lastKnownFileType = wrapper; path = CommonScenes; sourceTree = "<group>"; };
		27368B622C395E5800FC0475 /* BanksStoreTests.swift */ = {isa = PBXFileReference; fileEncoding = 4; lastKnownFileType = sourcecode.swift; path = BanksStoreTests.swift; sourceTree = "<group>"; };
		27368B6F2C395E8300FC0475 /* CashbackManager.xctestplan */ = {isa = PBXFileReference; lastKnownFileType = text; path = CashbackManager.xctestplan; sourceTree = "<group>"; };
		27368B8E2C4278BB00FC0475 /* Services */ = {isa = PBXFileReference; lastKnownFileType = wrapper; path = Services; sourceTree = "<group>"; };
		27368B8F2C4278BB00FC0475 /* Domain */ = {isa = PBXFileReference; lastKnownFileType = wrapper; path = Domain; sourceTree = "<group>"; };
		27368BBB2C4BB11000FC0475 /* CashbackWidgetExtension.appex */ = {isa = PBXFileReference; explicitFileType = "wrapper.app-extension"; includeInIndex = 0; path = CashbackWidgetExtension.appex; sourceTree = BUILT_PRODUCTS_DIR; };
		27368BBC2C4BB11000FC0475 /* WidgetKit.framework */ = {isa = PBXFileReference; lastKnownFileType = wrapper.framework; name = WidgetKit.framework; path = System/Library/Frameworks/WidgetKit.framework; sourceTree = SDKROOT; };
		27368BBE2C4BB11100FC0475 /* SwiftUI.framework */ = {isa = PBXFileReference; lastKnownFileType = wrapper.framework; name = SwiftUI.framework; path = System/Library/Frameworks/SwiftUI.framework; sourceTree = SDKROOT; };
		27368BC12C4BB11100FC0475 /* CashbackWidgetBundle.swift */ = {isa = PBXFileReference; lastKnownFileType = sourcecode.swift; path = CashbackWidgetBundle.swift; sourceTree = "<group>"; };
		27368BC32C4BB11100FC0475 /* CardWidget.swift */ = {isa = PBXFileReference; lastKnownFileType = sourcecode.swift; path = CardWidget.swift; sourceTree = "<group>"; };
		27368BC52C4BB11200FC0475 /* Assets.xcassets */ = {isa = PBXFileReference; lastKnownFileType = folder.assetcatalog; path = Assets.xcassets; sourceTree = "<group>"; };
		27368BC72C4BB11200FC0475 /* Info.plist */ = {isa = PBXFileReference; lastKnownFileType = text.plist.xml; path = Info.plist; sourceTree = "<group>"; };
		27368BCF2C4BB1AC00FC0475 /* CardWidgetProvider.swift */ = {isa = PBXFileReference; lastKnownFileType = sourcecode.swift; path = CardWidgetProvider.swift; sourceTree = "<group>"; };
		27368BD12C4BB1D000FC0475 /* CardWidgetEntry.swift */ = {isa = PBXFileReference; lastKnownFileType = sourcecode.swift; path = CardWidgetEntry.swift; sourceTree = "<group>"; };
		27368BD32C4BB1E300FC0475 /* CashbackWidgetEntryView.swift */ = {isa = PBXFileReference; lastKnownFileType = sourcecode.swift; path = CashbackWidgetEntryView.swift; sourceTree = "<group>"; };
		27368BD82C4BB54300FC0475 /* ChangeCurrentCardIntent.swift */ = {isa = PBXFileReference; lastKnownFileType = sourcecode.swift; path = ChangeCurrentCardIntent.swift; sourceTree = "<group>"; };
		27368BE32C4CC62600FC0475 /* CashbackManager.entitlements */ = {isa = PBXFileReference; lastKnownFileType = text.plist.entitlements; path = CashbackManager.entitlements; sourceTree = "<group>"; };
		27368BE42C4CC65100FC0475 /* CashbackWidgetExtension.entitlements */ = {isa = PBXFileReference; lastKnownFileType = text.plist.entitlements; path = CashbackWidgetExtension.entitlements; sourceTree = "<group>"; };
		27368BE82C4CDE8E00FC0475 /* DesignSystem */ = {isa = PBXFileReference; lastKnownFileType = wrapper; path = DesignSystem; sourceTree = "<group>"; };
		27368BF22C4CEE4800FC0475 /* Config.xcconfig */ = {isa = PBXFileReference; lastKnownFileType = text.xcconfig; path = Config.xcconfig; sourceTree = "<group>"; };
		274862072C534A6A00788C1A /* Shared */ = {isa = PBXFileReference; lastKnownFileType = wrapper; path = Shared; sourceTree = "<group>"; };
		2748620C2C54BFC200788C1A /* CashbackFeature */ = {isa = PBXFileReference; lastKnownFileType = wrapper; path = CashbackFeature; sourceTree = "<group>"; };
		2755A30E2CB97402002F61EC /* PaymentFeature */ = {isa = PBXFileReference; lastKnownFileType = wrapper; path = PaymentFeature; sourceTree = "<group>"; };
		2755A3152CBA4BB1002F61EC /* CreateIncomeIntent.swift */ = {isa = PBXFileReference; lastKnownFileType = sourcecode.swift; path = CreateIncomeIntent.swift; sourceTree = "<group>"; };
		2755A31A2CBBA609002F61EC /* CardEntity.swift */ = {isa = PBXFileReference; lastKnownFileType = sourcecode.swift; path = CardEntity.swift; sourceTree = "<group>"; };
		2755A31E2CC939F5002F61EC /* SettingsView.swift */ = {isa = PBXFileReference; lastKnownFileType = sourcecode.swift; path = SettingsView.swift; sourceTree = "<group>"; };
		2755A32A2CCD1E7E002F61EC /* ContentView.swift */ = {isa = PBXFileReference; lastKnownFileType = sourcecode.swift; path = ContentView.swift; sourceTree = "<group>"; };
		277130EB2C73C52B00C26CD8 /* CreateCategoryIntent.swift */ = {isa = PBXFileReference; lastKnownFileType = sourcecode.swift; path = CreateCategoryIntent.swift; sourceTree = "<group>"; };
		277130ED2C73CA1400C26CD8 /* CreateCashbackIntent.swift */ = {isa = PBXFileReference; lastKnownFileType = sourcecode.swift; path = CreateCashbackIntent.swift; sourceTree = "<group>"; };
		2781B1252CD874300081A927 /* PlaceEntity.swift */ = {isa = PBXFileReference; lastKnownFileType = sourcecode.swift; path = PlaceEntity.swift; sourceTree = "<group>"; };
		2781B1272CD874CC0081A927 /* CategoryEntity.swift */ = {isa = PBXFileReference; lastKnownFileType = sourcecode.swift; path = CategoryEntity.swift; sourceTree = "<group>"; };
		27A5D7CD2C394EC400B93512 /* CashbackManager.app */ = {isa = PBXFileReference; explicitFileType = wrapper.application; includeInIndex = 0; path = CashbackManager.app; sourceTree = BUILT_PRODUCTS_DIR; };
		27A5D7DD2C394EC500B93512 /* CashbackManagerTests.xctest */ = {isa = PBXFileReference; explicitFileType = wrapper.cfbundle; includeInIndex = 0; path = CashbackManagerTests.xctest; sourceTree = BUILT_PRODUCTS_DIR; };
		27A5D7E72C394EC500B93512 /* CashbackManagerUITests.xctest */ = {isa = PBXFileReference; explicitFileType = wrapper.cfbundle; includeInIndex = 0; path = CashbackManagerUITests.xctest; sourceTree = BUILT_PRODUCTS_DIR; };
		27A5D7EB2C394EC500B93512 /* CashbackManagerUITests.swift */ = {isa = PBXFileReference; lastKnownFileType = sourcecode.swift; path = CashbackManagerUITests.swift; sourceTree = "<group>"; };
		27A5D7ED2C394EC500B93512 /* CashbackManagerUITestsLaunchTests.swift */ = {isa = PBXFileReference; lastKnownFileType = sourcecode.swift; path = CashbackManagerUITestsLaunchTests.swift; sourceTree = "<group>"; };
		27A5D7FA2C394EFE00B93512 /* CashbackApplication.swift */ = {isa = PBXFileReference; fileEncoding = 4; lastKnownFileType = sourcecode.swift; path = CashbackApplication.swift; sourceTree = "<group>"; };
		27A5D84A2C394EFF00B93512 /* Assets.xcassets */ = {isa = PBXFileReference; lastKnownFileType = folder.assetcatalog; path = Assets.xcassets; sourceTree = "<group>"; };
		27AB37242C73B3CE00A00939 /* CreatePlaceIntent.swift */ = {isa = PBXFileReference; lastKnownFileType = sourcecode.swift; path = CreatePlaceIntent.swift; sourceTree = "<group>"; };
		27EE77BC2C5D437600D12827 /* Info.plist */ = {isa = PBXFileReference; lastKnownFileType = text.plist.xml; path = Info.plist; sourceTree = "<group>"; };
/* End PBXFileReference section */

/* Begin PBXFrameworksBuildPhase section */
		27368BB82C4BB11000FC0475 /* Frameworks */ = {
			isa = PBXFrameworksBuildPhase;
			buildActionMask = 2147483647;
			files = (
				27368BE02C4BB85400FC0475 /* Domain in Frameworks */,
				2755A3122CBA4B73002F61EC /* IncomeService in Frameworks */,
				27368BEA2C4CDE9A00FC0475 /* DesignSystem in Frameworks */,
				277130EA2C73C0B200C26CD8 /* SearchService in Frameworks */,
				277130E82C73C0AF00C26CD8 /* PlaceService in Frameworks */,
				27368BBF2C4BB11100FC0475 /* SwiftUI.framework in Frameworks */,
				27368BBD2C4BB11100FC0475 /* WidgetKit.framework in Frameworks */,
				2781B1242CD7CCA30081A927 /* CashbackFeature in Frameworks */,
				277130E62C73C0AA00C26CD8 /* CategoryService in Frameworks */,
				274861FB2C53463E00788C1A /* CardsService in Frameworks */,
				2755A32E2CCD5B23002F61EC /* UserDataService in Frameworks */,
				274862092C534AB200788C1A /* Shared in Frameworks */,
				27D329D72C9C8A4D00964504 /* TextDetectionService in Frameworks */,
				2755A3272CC9F113002F61EC /* NotificationService in Frameworks */,
			);
			runOnlyForDeploymentPostprocessing = 0;
		};
		27A5D7CA2C394EC400B93512 /* Frameworks */ = {
			isa = PBXFrameworksBuildPhase;
			buildActionMask = 2147483647;
			files = (
				272CA8D42C54C6E600A00E90 /* Domain in Frameworks */,
				2755A3142CBA4B7D002F61EC /* IncomeService in Frameworks */,
				2714FEAA2C57C3580014CFE0 /* SearchService in Frameworks */,
				27AB372B2C73BE4B00A00939 /* CardsService in Frameworks */,
				2714FEA82C54CA3A0014CFE0 /* PlaceFeature in Frameworks */,
				27208E732C54C4970097794D /* CashbackFeature in Frameworks */,
				27AB37272C73BBE200A00939 /* CategoryService in Frameworks */,
				2755A3102CB9742A002F61EC /* PaymentFeature in Frameworks */,
				27D329D52C9C894B00964504 /* TextDetectionService in Frameworks */,
				2755A3302CCD5B2A002F61EC /* UserDataService in Frameworks */,
				27AB37292C73BBE700A00939 /* PlaceService in Frameworks */,
				27368B802C426E8E00FC0475 /* (null) in Frameworks */,
				2755A3252CC9EECC002F61EC /* NotificationService in Frameworks */,
			);
			runOnlyForDeploymentPostprocessing = 0;
		};
		27A5D7DA2C394EC500B93512 /* Frameworks */ = {
			isa = PBXFrameworksBuildPhase;
			buildActionMask = 2147483647;
			files = (
			);
			runOnlyForDeploymentPostprocessing = 0;
		};
		27A5D7E42C394EC500B93512 /* Frameworks */ = {
			isa = PBXFrameworksBuildPhase;
			buildActionMask = 2147483647;
			files = (
			);
			runOnlyForDeploymentPostprocessing = 0;
		};
/* End PBXFrameworksBuildPhase section */

/* Begin PBXGroup section */
		2714FEAB2C58A0DD0014CFE0 /* Intents */ = {
			isa = PBXGroup;
			children = (
				2755A3192CBBA5F8002F61EC /* Entities */,
				2714FEAC2C58A0F80014CFE0 /* CashbackShortcuts.swift */,
				2714FEB02C58B1150014CFE0 /* CheckCardCashbackIntent.swift */,
				2714FEB22C58B41A0014CFE0 /* CheckCategoryCardsIntent.swift */,
				2714FEB72C58B9D70014CFE0 /* CheckPlaceCategoryIntent.swift */,
				2714FEB92C58BD4A0014CFE0 /* CheckPlaceCardIntent.swift */,
				277130ED2C73CA1400C26CD8 /* CreateCashbackIntent.swift */,
				2714FEAE2C58A1E40014CFE0 /* CreateCardIntent.swift */,
				277130EB2C73C52B00C26CD8 /* CreateCategoryIntent.swift */,
				2755A3152CBA4BB1002F61EC /* CreateIncomeIntent.swift */,
				27AB37242C73B3CE00A00939 /* CreatePlaceIntent.swift */,
				2723208D2C7F8367005B658A /* DeleteCategoryIntent.swift */,
				2723208F2C7F85E0005B658A /* DeletePlaceIntent.swift */,
				272320912C7F867C005B658A /* DeleteCardIntent.swift */,
				272320932C7F86EA005B658A /* DeleteCashbackIntent.swift */,
			);
			path = Intents;
			sourceTree = "<group>";
		};
		27368B632C395E5800FC0475 /* Scenes */ = {
			isa = PBXGroup;
			children = (
				27368B622C395E5800FC0475 /* BanksStoreTests.swift */,
			);
			path = Scenes;
			sourceTree = "<group>";
		};
		27368B7C2C426DA300FC0475 /* Packages */ = {
			isa = PBXGroup;
			children = (
				2755A30E2CB97402002F61EC /* PaymentFeature */,
				2714FEA62C54C93F0014CFE0 /* PlaceFeature */,
				2748620C2C54BFC200788C1A /* CashbackFeature */,
				274862072C534A6A00788C1A /* Shared */,
				272CA8D52C54C85800A00E90 /* CommonScenes */,
				27368BE82C4CDE8E00FC0475 /* DesignSystem */,
				27368B8F2C4278BB00FC0475 /* Domain */,
				27368B8E2C4278BB00FC0475 /* Services */,
			);
			path = Packages;
			sourceTree = "<group>";
		};
		27368B7E2C426E8E00FC0475 /* Frameworks */ = {
			isa = PBXGroup;
			children = (
				27368BBC2C4BB11000FC0475 /* WidgetKit.framework */,
				27368BBE2C4BB11100FC0475 /* SwiftUI.framework */,
			);
			name = Frameworks;
			sourceTree = "<group>";
		};
		27368BC02C4BB11100FC0475 /* CashbackWidget */ = {
			isa = PBXGroup;
			children = (
				27368BE72C4CD01200FC0475 /* CardWidget */,
				27368BC12C4BB11100FC0475 /* CashbackWidgetBundle.swift */,
				27368BC52C4BB11200FC0475 /* Assets.xcassets */,
				27368BC72C4BB11200FC0475 /* Info.plist */,
			);
			path = CashbackWidget;
			sourceTree = "<group>";
		};
		27368BE72C4CD01200FC0475 /* CardWidget */ = {
			isa = PBXGroup;
			children = (
				27368BD82C4BB54300FC0475 /* ChangeCurrentCardIntent.swift */,
				27368BD32C4BB1E300FC0475 /* CashbackWidgetEntryView.swift */,
				27368BD12C4BB1D000FC0475 /* CardWidgetEntry.swift */,
				27368BCF2C4BB1AC00FC0475 /* CardWidgetProvider.swift */,
				27368BC32C4BB11100FC0475 /* CardWidget.swift */,
			);
			path = CardWidget;
			sourceTree = "<group>";
		};
		2755A3192CBBA5F8002F61EC /* Entities */ = {
			isa = PBXGroup;
			children = (
				2781B1252CD874300081A927 /* PlaceEntity.swift */,
				2781B1272CD874CC0081A927 /* CategoryEntity.swift */,
				2755A31A2CBBA609002F61EC /* CardEntity.swift */,
			);
			path = Entities;
			sourceTree = "<group>";
		};
		2755A31D2CC939E7002F61EC /* Settings */ = {
			isa = PBXGroup;
			children = (
				2755A31E2CC939F5002F61EC /* SettingsView.swift */,
			);
			path = Settings;
			sourceTree = "<group>";
		};
		27A5D7C42C394EC400B93512 = {
			isa = PBXGroup;
			children = (
				27368BF22C4CEE4800FC0475 /* Config.xcconfig */,
				27368B6F2C395E8300FC0475 /* CashbackManager.xctestplan */,
				27368BE42C4CC65100FC0475 /* CashbackWidgetExtension.entitlements */,
				27A5D7CF2C394EC400B93512 /* CashbackManager */,
				27368B7C2C426DA300FC0475 /* Packages */,
				27A5D7E02C394EC500B93512 /* CashbackManagerTests */,
				27A5D7EA2C394EC500B93512 /* CashbackManagerUITests */,
				27368BC02C4BB11100FC0475 /* CashbackWidget */,
				27A5D7CE2C394EC400B93512 /* Products */,
				27368B7E2C426E8E00FC0475 /* Frameworks */,
			);
			sourceTree = "<group>";
		};
		27A5D7CE2C394EC400B93512 /* Products */ = {
			isa = PBXGroup;
			children = (
				27A5D7CD2C394EC400B93512 /* CashbackManager.app */,
				27A5D7DD2C394EC500B93512 /* CashbackManagerTests.xctest */,
				27A5D7E72C394EC500B93512 /* CashbackManagerUITests.xctest */,
				27368BBB2C4BB11000FC0475 /* CashbackWidgetExtension.appex */,
			);
			name = Products;
			sourceTree = "<group>";
		};
		27A5D7CF2C394EC400B93512 /* CashbackManager */ = {
			isa = PBXGroup;
			children = (
				2755A31D2CC939E7002F61EC /* Settings */,
				2714FEAB2C58A0DD0014CFE0 /* Intents */,
				2755A32A2CCD1E7E002F61EC /* ContentView.swift */,
				27A5D7FA2C394EFE00B93512 /* CashbackApplication.swift */,
				2714FEB52C58B44F0014CFE0 /* AppFactory.swift */,
				27EE77BC2C5D437600D12827 /* Info.plist */,
				27368BE32C4CC62600FC0475 /* CashbackManager.entitlements */,
				27A5D84A2C394EFF00B93512 /* Assets.xcassets */,
			);
			path = CashbackManager;
			sourceTree = "<group>";
		};
		27A5D7E02C394EC500B93512 /* CashbackManagerTests */ = {
			isa = PBXGroup;
			children = (
				27368B632C395E5800FC0475 /* Scenes */,
			);
			path = CashbackManagerTests;
			sourceTree = "<group>";
		};
		27A5D7EA2C394EC500B93512 /* CashbackManagerUITests */ = {
			isa = PBXGroup;
			children = (
				27A5D7EB2C394EC500B93512 /* CashbackManagerUITests.swift */,
				27A5D7ED2C394EC500B93512 /* CashbackManagerUITestsLaunchTests.swift */,
			);
			path = CashbackManagerUITests;
			sourceTree = "<group>";
		};
/* End PBXGroup section */

/* Begin PBXNativeTarget section */
		27368BBA2C4BB11000FC0475 /* CashbackWidgetExtension */ = {
			isa = PBXNativeTarget;
			buildConfigurationList = 27368BCB2C4BB11200FC0475 /* Build configuration list for PBXNativeTarget "CashbackWidgetExtension" */;
			buildPhases = (
				27368BB72C4BB11000FC0475 /* Sources */,
				27368BB82C4BB11000FC0475 /* Frameworks */,
				27368BB92C4BB11000FC0475 /* Resources */,
			);
			buildRules = (
			);
			dependencies = (
			);
			name = CashbackWidgetExtension;
			packageProductDependencies = (
				27368BDF2C4BB85400FC0475 /* Domain */,
				27368BE92C4CDE9A00FC0475 /* DesignSystem */,
				274861FA2C53463E00788C1A /* CardsService */,
				274862082C534AB200788C1A /* Shared */,
				277130E52C73C0AA00C26CD8 /* CategoryService */,
				277130E72C73C0AF00C26CD8 /* PlaceService */,
				277130E92C73C0B200C26CD8 /* SearchService */,
				27D329D62C9C8A4D00964504 /* TextDetectionService */,
				2755A3112CBA4B73002F61EC /* IncomeService */,
				2755A3262CC9F113002F61EC /* NotificationService */,
				2755A32D2CCD5B23002F61EC /* UserDataService */,
				2781B1232CD7CCA30081A927 /* CashbackFeature */,
			);
			productName = CashbackWidgetExtension;
			productReference = 27368BBB2C4BB11000FC0475 /* CashbackWidgetExtension.appex */;
			productType = "com.apple.product-type.app-extension";
		};
		27A5D7CC2C394EC400B93512 /* CashbackManager */ = {
			isa = PBXNativeTarget;
			buildConfigurationList = 27A5D7F12C394EC500B93512 /* Build configuration list for PBXNativeTarget "CashbackManager" */;
			buildPhases = (
				27A5D7C92C394EC400B93512 /* Sources */,
				27A5D7CA2C394EC400B93512 /* Frameworks */,
				27A5D7CB2C394EC400B93512 /* Resources */,
				27368BCE2C4BB11200FC0475 /* Embed Foundation Extensions */,
			);
			buildRules = (
			);
			dependencies = (
				27368BC92C4BB11200FC0475 /* PBXTargetDependency */,
			);
			name = CashbackManager;
			packageProductDependencies = (
				27208E722C54C4970097794D /* CashbackFeature */,
				272CA8D32C54C6E600A00E90 /* Domain */,
				2714FEA72C54CA3A0014CFE0 /* PlaceFeature */,
				2714FEA92C57C3580014CFE0 /* SearchService */,
				27AB37262C73BBE200A00939 /* CategoryService */,
				27AB37282C73BBE700A00939 /* PlaceService */,
				27AB372A2C73BE4B00A00939 /* CardsService */,
				27D329D42C9C894B00964504 /* TextDetectionService */,
				2755A30F2CB9742A002F61EC /* PaymentFeature */,
				2755A3132CBA4B7D002F61EC /* IncomeService */,
				2755A3242CC9EECC002F61EC /* NotificationService */,
				2755A32F2CCD5B2A002F61EC /* UserDataService */,
			);
			productName = CashbackManager;
			productReference = 27A5D7CD2C394EC400B93512 /* CashbackManager.app */;
			productType = "com.apple.product-type.application";
		};
		27A5D7DC2C394EC500B93512 /* CashbackManagerTests */ = {
			isa = PBXNativeTarget;
			buildConfigurationList = 27A5D7F42C394EC500B93512 /* Build configuration list for PBXNativeTarget "CashbackManagerTests" */;
			buildPhases = (
				27A5D7D92C394EC500B93512 /* Sources */,
				27A5D7DA2C394EC500B93512 /* Frameworks */,
				27A5D7DB2C394EC500B93512 /* Resources */,
			);
			buildRules = (
			);
			dependencies = (
				27A5D7DF2C394EC500B93512 /* PBXTargetDependency */,
			);
			name = CashbackManagerTests;
			packageProductDependencies = (
			);
			productName = CashbackManagerTests;
			productReference = 27A5D7DD2C394EC500B93512 /* CashbackManagerTests.xctest */;
			productType = "com.apple.product-type.bundle.unit-test";
		};
		27A5D7E62C394EC500B93512 /* CashbackManagerUITests */ = {
			isa = PBXNativeTarget;
			buildConfigurationList = 27A5D7F72C394EC500B93512 /* Build configuration list for PBXNativeTarget "CashbackManagerUITests" */;
			buildPhases = (
				27A5D7E32C394EC500B93512 /* Sources */,
				27A5D7E42C394EC500B93512 /* Frameworks */,
				27A5D7E52C394EC500B93512 /* Resources */,
			);
			buildRules = (
			);
			dependencies = (
				27A5D7E92C394EC500B93512 /* PBXTargetDependency */,
			);
			name = CashbackManagerUITests;
			productName = CashbackManagerUITests;
			productReference = 27A5D7E72C394EC500B93512 /* CashbackManagerUITests.xctest */;
			productType = "com.apple.product-type.bundle.ui-testing";
		};
/* End PBXNativeTarget section */

/* Begin PBXProject section */
		27A5D7C52C394EC400B93512 /* Project object */ = {
			isa = PBXProject;
			attributes = {
				BuildIndependentTargetsInParallel = 1;
				LastSwiftUpdateCheck = 1540;
				LastUpgradeCheck = 1540;
				TargetAttributes = {
					27368BBA2C4BB11000FC0475 = {
						CreatedOnToolsVersion = 15.4;
					};
					27A5D7CC2C394EC400B93512 = {
						CreatedOnToolsVersion = 15.4;
						LastSwiftMigration = 1540;
					};
					27A5D7DC2C394EC500B93512 = {
						CreatedOnToolsVersion = 15.4;
						TestTargetID = 27A5D7CC2C394EC400B93512;
					};
					27A5D7E62C394EC500B93512 = {
						CreatedOnToolsVersion = 15.4;
						TestTargetID = 27A5D7CC2C394EC400B93512;
					};
				};
			};
			buildConfigurationList = 27A5D7C82C394EC400B93512 /* Build configuration list for PBXProject "CashbackManager" */;
			compatibilityVersion = "Xcode 14.0";
			developmentRegion = ru;
			hasScannedForEncodings = 0;
			knownRegions = (
				Base,
				ru,
			);
			mainGroup = 27A5D7C42C394EC400B93512;
			productRefGroup = 27A5D7CE2C394EC400B93512 /* Products */;
			projectDirPath = "";
			projectRoot = "";
			targets = (
				27A5D7CC2C394EC400B93512 /* CashbackManager */,
				27A5D7DC2C394EC500B93512 /* CashbackManagerTests */,
				27A5D7E62C394EC500B93512 /* CashbackManagerUITests */,
				27368BBA2C4BB11000FC0475 /* CashbackWidgetExtension */,
			);
		};
/* End PBXProject section */

/* Begin PBXResourcesBuildPhase section */
		27368BB92C4BB11000FC0475 /* Resources */ = {
			isa = PBXResourcesBuildPhase;
			buildActionMask = 2147483647;
			files = (
				27368BC62C4BB11200FC0475 /* Assets.xcassets in Resources */,
			);
			runOnlyForDeploymentPostprocessing = 0;
		};
		27A5D7CB2C394EC400B93512 /* Resources */ = {
			isa = PBXResourcesBuildPhase;
			buildActionMask = 2147483647;
			files = (
				27A5D88A2C394EFF00B93512 /* Assets.xcassets in Resources */,
			);
			runOnlyForDeploymentPostprocessing = 0;
		};
		27A5D7DB2C394EC500B93512 /* Resources */ = {
			isa = PBXResourcesBuildPhase;
			buildActionMask = 2147483647;
			files = (
			);
			runOnlyForDeploymentPostprocessing = 0;
		};
		27A5D7E52C394EC500B93512 /* Resources */ = {
			isa = PBXResourcesBuildPhase;
			buildActionMask = 2147483647;
			files = (
			);
			runOnlyForDeploymentPostprocessing = 0;
		};
/* End PBXResourcesBuildPhase section */

/* Begin PBXSourcesBuildPhase section */
		27368BB72C4BB11000FC0475 /* Sources */ = {
			isa = PBXSourcesBuildPhase;
			buildActionMask = 2147483647;
			files = (
				27368BD62C4BB22500FC0475 /* CardWidgetEntry.swift in Sources */,
				27368BDA2C4BB67200FC0475 /* ChangeCurrentCardIntent.swift in Sources */,
				27368BC22C4BB11100FC0475 /* CashbackWidgetBundle.swift in Sources */,
				27368BD52C4BB20A00FC0475 /* CardWidgetProvider.swift in Sources */,
				27EE77BB2C5C020900D12827 /* AppFactory.swift in Sources */,
				27368BC42C4BB11100FC0475 /* CardWidget.swift in Sources */,
				27368BD72C4BB22700FC0475 /* CashbackWidgetEntryView.swift in Sources */,
			);
			runOnlyForDeploymentPostprocessing = 0;
		};
		27A5D7C92C394EC400B93512 /* Sources */ = {
			isa = PBXSourcesBuildPhase;
			buildActionMask = 2147483647;
			files = (
				2714FEB62C58B44F0014CFE0 /* AppFactory.swift in Sources */,
				277130EE2C73CA1400C26CD8 /* CreateCashbackIntent.swift in Sources */,
				277130EC2C73C52B00C26CD8 /* CreateCategoryIntent.swift in Sources */,
				2755A31F2CC939F5002F61EC /* SettingsView.swift in Sources */,
				272320902C7F85E0005B658A /* DeletePlaceIntent.swift in Sources */,
				2755A32B2CCD1E7E002F61EC /* ContentView.swift in Sources */,
				2755A3162CBA4BB1002F61EC /* CreateIncomeIntent.swift in Sources */,
				2714FEB32C58B41A0014CFE0 /* CheckCategoryCardsIntent.swift in Sources */,
				27A5D84D2C394EFF00B93512 /* CashbackApplication.swift in Sources */,
				2714FEB82C58B9D70014CFE0 /* CheckPlaceCategoryIntent.swift in Sources */,
				2714FEBA2C58BD4A0014CFE0 /* CheckPlaceCardIntent.swift in Sources */,
				27AB37252C73B3CE00A00939 /* CreatePlaceIntent.swift in Sources */,
				2723208E2C7F8367005B658A /* DeleteCategoryIntent.swift in Sources */,
				2714FEAF2C58A1E40014CFE0 /* CreateCardIntent.swift in Sources */,
				2714FEB12C58B1150014CFE0 /* CheckCardCashbackIntent.swift in Sources */,
				2755A31B2CBBA609002F61EC /* CardEntity.swift in Sources */,
				272320922C7F867C005B658A /* DeleteCardIntent.swift in Sources */,
				272320942C7F86EA005B658A /* DeleteCashbackIntent.swift in Sources */,
				2781B1282CD874CC0081A927 /* CategoryEntity.swift in Sources */,
				2781B1262CD874300081A927 /* PlaceEntity.swift in Sources */,
				2714FEAD2C58A0F80014CFE0 /* CashbackShortcuts.swift in Sources */,
			);
			runOnlyForDeploymentPostprocessing = 0;
		};
		27A5D7D92C394EC500B93512 /* Sources */ = {
			isa = PBXSourcesBuildPhase;
			buildActionMask = 2147483647;
			files = (
				27368B6B2C395E5800FC0475 /* BanksStoreTests.swift in Sources */,
			);
			runOnlyForDeploymentPostprocessing = 0;
		};
		27A5D7E32C394EC500B93512 /* Sources */ = {
			isa = PBXSourcesBuildPhase;
			buildActionMask = 2147483647;
			files = (
				27A5D7EE2C394EC500B93512 /* CashbackManagerUITestsLaunchTests.swift in Sources */,
				27A5D7EC2C394EC500B93512 /* CashbackManagerUITests.swift in Sources */,
			);
			runOnlyForDeploymentPostprocessing = 0;
		};
/* End PBXSourcesBuildPhase section */

/* Begin PBXTargetDependency section */
		27368BC92C4BB11200FC0475 /* PBXTargetDependency */ = {
			isa = PBXTargetDependency;
			target = 27368BBA2C4BB11000FC0475 /* CashbackWidgetExtension */;
			targetProxy = 27368BC82C4BB11200FC0475 /* PBXContainerItemProxy */;
		};
		27A5D7DF2C394EC500B93512 /* PBXTargetDependency */ = {
			isa = PBXTargetDependency;
			target = 27A5D7CC2C394EC400B93512 /* CashbackManager */;
			targetProxy = 27A5D7DE2C394EC500B93512 /* PBXContainerItemProxy */;
		};
		27A5D7E92C394EC500B93512 /* PBXTargetDependency */ = {
			isa = PBXTargetDependency;
			target = 27A5D7CC2C394EC400B93512 /* CashbackManager */;
			targetProxy = 27A5D7E82C394EC500B93512 /* PBXContainerItemProxy */;
		};
/* End PBXTargetDependency section */

/* Begin XCBuildConfiguration section */
		27368BCC2C4BB11200FC0475 /* Debug */ = {
			isa = XCBuildConfiguration;
			baseConfigurationReference = 27368BF22C4CEE4800FC0475 /* Config.xcconfig */;
			buildSettings = {
				ASSETCATALOG_COMPILER_GLOBAL_ACCENT_COLOR_NAME = AccentColor;
				ASSETCATALOG_COMPILER_WIDGET_BACKGROUND_COLOR_NAME = WidgetBackground;
				CODE_SIGN_ENTITLEMENTS = CashbackWidgetExtension.entitlements;
				CODE_SIGN_STYLE = Automatic;
				CURRENT_PROJECT_VERSION = 1;
				DEVELOPMENT_TEAM = 579X949DTW;
				GENERATE_INFOPLIST_FILE = YES;
				INFOPLIST_FILE = CashbackWidget/Info.plist;
				INFOPLIST_KEY_CFBundleDisplayName = CashbackWidget;
				INFOPLIST_KEY_NSHumanReadableCopyright = "";
				IPHONEOS_DEPLOYMENT_TARGET = 17.0;
				"IPHONEOS_DEPLOYMENT_TARGET[sdk=iphoneos*]" = 17.0;
				LD_RUNPATH_SEARCH_PATHS = (
					"$(inherited)",
					"@executable_path/Frameworks",
					"@executable_path/../../Frameworks",
				);
				MARKETING_VERSION = 1.12.0;
				PRODUCT_BUNDLE_IDENTIFIER = com.alextos.CashbackManager.CashbackWidget;
				PRODUCT_NAME = "$(TARGET_NAME)";
				SKIP_INSTALL = YES;
				SWIFT_EMIT_LOC_STRINGS = YES;
				SWIFT_VERSION = 5.0;
				TARGETED_DEVICE_FAMILY = "1,2";
			};
			name = Debug;
		};
		27368BCD2C4BB11200FC0475 /* Release */ = {
			isa = XCBuildConfiguration;
			baseConfigurationReference = 27368BF22C4CEE4800FC0475 /* Config.xcconfig */;
			buildSettings = {
				ASSETCATALOG_COMPILER_GLOBAL_ACCENT_COLOR_NAME = AccentColor;
				ASSETCATALOG_COMPILER_WIDGET_BACKGROUND_COLOR_NAME = WidgetBackground;
				CODE_SIGN_ENTITLEMENTS = CashbackWidgetExtension.entitlements;
				CODE_SIGN_STYLE = Automatic;
				CURRENT_PROJECT_VERSION = 1;
				DEVELOPMENT_TEAM = 579X949DTW;
				GENERATE_INFOPLIST_FILE = YES;
				INFOPLIST_FILE = CashbackWidget/Info.plist;
				INFOPLIST_KEY_CFBundleDisplayName = CashbackWidget;
				INFOPLIST_KEY_NSHumanReadableCopyright = "";
				IPHONEOS_DEPLOYMENT_TARGET = 17.0;
				"IPHONEOS_DEPLOYMENT_TARGET[sdk=iphoneos*]" = 17.0;
				LD_RUNPATH_SEARCH_PATHS = (
					"$(inherited)",
					"@executable_path/Frameworks",
					"@executable_path/../../Frameworks",
				);
				MARKETING_VERSION = 1.12.0;
				PRODUCT_BUNDLE_IDENTIFIER = com.alextos.CashbackManager.CashbackWidget;
				PRODUCT_NAME = "$(TARGET_NAME)";
				SKIP_INSTALL = YES;
				SWIFT_EMIT_LOC_STRINGS = YES;
				SWIFT_VERSION = 5.0;
				TARGETED_DEVICE_FAMILY = "1,2";
			};
			name = Release;
		};
		27A5D7EF2C394EC500B93512 /* Debug */ = {
			isa = XCBuildConfiguration;
			buildSettings = {
				ALWAYS_SEARCH_USER_PATHS = NO;
				ASSETCATALOG_COMPILER_GENERATE_SWIFT_ASSET_SYMBOL_EXTENSIONS = YES;
				CLANG_ANALYZER_NONNULL = YES;
				CLANG_ANALYZER_NUMBER_OBJECT_CONVERSION = YES_AGGRESSIVE;
				CLANG_CXX_LANGUAGE_STANDARD = "gnu++20";
				CLANG_ENABLE_MODULES = YES;
				CLANG_ENABLE_OBJC_ARC = YES;
				CLANG_ENABLE_OBJC_WEAK = YES;
				CLANG_WARN_BLOCK_CAPTURE_AUTORELEASING = YES;
				CLANG_WARN_BOOL_CONVERSION = YES;
				CLANG_WARN_COMMA = YES;
				CLANG_WARN_CONSTANT_CONVERSION = YES;
				CLANG_WARN_DEPRECATED_OBJC_IMPLEMENTATIONS = YES;
				CLANG_WARN_DIRECT_OBJC_ISA_USAGE = YES_ERROR;
				CLANG_WARN_DOCUMENTATION_COMMENTS = YES;
				CLANG_WARN_EMPTY_BODY = YES;
				CLANG_WARN_ENUM_CONVERSION = YES;
				CLANG_WARN_INFINITE_RECURSION = YES;
				CLANG_WARN_INT_CONVERSION = YES;
				CLANG_WARN_NON_LITERAL_NULL_CONVERSION = YES;
				CLANG_WARN_OBJC_IMPLICIT_RETAIN_SELF = YES;
				CLANG_WARN_OBJC_LITERAL_CONVERSION = YES;
				CLANG_WARN_OBJC_ROOT_CLASS = YES_ERROR;
				CLANG_WARN_QUOTED_INCLUDE_IN_FRAMEWORK_HEADER = YES;
				CLANG_WARN_RANGE_LOOP_ANALYSIS = YES;
				CLANG_WARN_STRICT_PROTOTYPES = YES;
				CLANG_WARN_SUSPICIOUS_MOVE = YES;
				CLANG_WARN_UNGUARDED_AVAILABILITY = YES_AGGRESSIVE;
				CLANG_WARN_UNREACHABLE_CODE = YES;
				CLANG_WARN__DUPLICATE_METHOD_MATCH = YES;
				COPY_PHASE_STRIP = NO;
				DEBUG_INFORMATION_FORMAT = dwarf;
				ENABLE_STRICT_OBJC_MSGSEND = YES;
				ENABLE_TESTABILITY = YES;
				ENABLE_USER_SCRIPT_SANDBOXING = YES;
				GCC_C_LANGUAGE_STANDARD = gnu17;
				GCC_DYNAMIC_NO_PIC = NO;
				GCC_NO_COMMON_BLOCKS = YES;
				GCC_OPTIMIZATION_LEVEL = 0;
				GCC_PREPROCESSOR_DEFINITIONS = (
					"DEBUG=1",
					"$(inherited)",
				);
				GCC_WARN_64_TO_32_BIT_CONVERSION = YES;
				GCC_WARN_ABOUT_RETURN_TYPE = YES_ERROR;
				GCC_WARN_UNDECLARED_SELECTOR = YES;
				GCC_WARN_UNINITIALIZED_AUTOS = YES_AGGRESSIVE;
				GCC_WARN_UNUSED_FUNCTION = YES;
				GCC_WARN_UNUSED_VARIABLE = YES;
				IPHONEOS_DEPLOYMENT_TARGET = 17.0;
				LOCALIZATION_PREFERS_STRING_CATALOGS = YES;
				MTL_ENABLE_DEBUG_INFO = INCLUDE_SOURCE;
				MTL_FAST_MATH = YES;
				ONLY_ACTIVE_ARCH = YES;
				SDKROOT = iphoneos;
				SWIFT_ACTIVE_COMPILATION_CONDITIONS = "DEBUG $(inherited)";
				SWIFT_OPTIMIZATION_LEVEL = "-Onone";
			};
			name = Debug;
		};
		27A5D7F02C394EC500B93512 /* Release */ = {
			isa = XCBuildConfiguration;
			buildSettings = {
				ALWAYS_SEARCH_USER_PATHS = NO;
				ASSETCATALOG_COMPILER_GENERATE_SWIFT_ASSET_SYMBOL_EXTENSIONS = YES;
				CLANG_ANALYZER_NONNULL = YES;
				CLANG_ANALYZER_NUMBER_OBJECT_CONVERSION = YES_AGGRESSIVE;
				CLANG_CXX_LANGUAGE_STANDARD = "gnu++20";
				CLANG_ENABLE_MODULES = YES;
				CLANG_ENABLE_OBJC_ARC = YES;
				CLANG_ENABLE_OBJC_WEAK = YES;
				CLANG_WARN_BLOCK_CAPTURE_AUTORELEASING = YES;
				CLANG_WARN_BOOL_CONVERSION = YES;
				CLANG_WARN_COMMA = YES;
				CLANG_WARN_CONSTANT_CONVERSION = YES;
				CLANG_WARN_DEPRECATED_OBJC_IMPLEMENTATIONS = YES;
				CLANG_WARN_DIRECT_OBJC_ISA_USAGE = YES_ERROR;
				CLANG_WARN_DOCUMENTATION_COMMENTS = YES;
				CLANG_WARN_EMPTY_BODY = YES;
				CLANG_WARN_ENUM_CONVERSION = YES;
				CLANG_WARN_INFINITE_RECURSION = YES;
				CLANG_WARN_INT_CONVERSION = YES;
				CLANG_WARN_NON_LITERAL_NULL_CONVERSION = YES;
				CLANG_WARN_OBJC_IMPLICIT_RETAIN_SELF = YES;
				CLANG_WARN_OBJC_LITERAL_CONVERSION = YES;
				CLANG_WARN_OBJC_ROOT_CLASS = YES_ERROR;
				CLANG_WARN_QUOTED_INCLUDE_IN_FRAMEWORK_HEADER = YES;
				CLANG_WARN_RANGE_LOOP_ANALYSIS = YES;
				CLANG_WARN_STRICT_PROTOTYPES = YES;
				CLANG_WARN_SUSPICIOUS_MOVE = YES;
				CLANG_WARN_UNGUARDED_AVAILABILITY = YES_AGGRESSIVE;
				CLANG_WARN_UNREACHABLE_CODE = YES;
				CLANG_WARN__DUPLICATE_METHOD_MATCH = YES;
				COPY_PHASE_STRIP = NO;
				DEBUG_INFORMATION_FORMAT = "dwarf-with-dsym";
				ENABLE_NS_ASSERTIONS = NO;
				ENABLE_STRICT_OBJC_MSGSEND = YES;
				ENABLE_USER_SCRIPT_SANDBOXING = YES;
				GCC_C_LANGUAGE_STANDARD = gnu17;
				GCC_NO_COMMON_BLOCKS = YES;
				GCC_WARN_64_TO_32_BIT_CONVERSION = YES;
				GCC_WARN_ABOUT_RETURN_TYPE = YES_ERROR;
				GCC_WARN_UNDECLARED_SELECTOR = YES;
				GCC_WARN_UNINITIALIZED_AUTOS = YES_AGGRESSIVE;
				GCC_WARN_UNUSED_FUNCTION = YES;
				GCC_WARN_UNUSED_VARIABLE = YES;
				IPHONEOS_DEPLOYMENT_TARGET = 17.0;
				LOCALIZATION_PREFERS_STRING_CATALOGS = YES;
				MTL_ENABLE_DEBUG_INFO = NO;
				MTL_FAST_MATH = YES;
				SDKROOT = iphoneos;
				SWIFT_COMPILATION_MODE = wholemodule;
				VALIDATE_PRODUCT = YES;
			};
			name = Release;
		};
		27A5D7F22C394EC500B93512 /* Debug */ = {
			isa = XCBuildConfiguration;
			baseConfigurationReference = 27368BF22C4CEE4800FC0475 /* Config.xcconfig */;
			buildSettings = {
				ALWAYS_EMBED_SWIFT_STANDARD_LIBRARIES = YES;
				ASSETCATALOG_COMPILER_APPICON_NAME = AppIcon;
				ASSETCATALOG_COMPILER_GLOBAL_ACCENT_COLOR_NAME = AccentColor;
				CLANG_ENABLE_MODULES = YES;
				CODE_SIGN_ENTITLEMENTS = CashbackManager/CashbackManager.entitlements;
				CODE_SIGN_STYLE = Automatic;
				CURRENT_PROJECT_VERSION = 1;
				DEVELOPMENT_TEAM = 579X949DTW;
				ENABLE_PREVIEWS = YES;
				GENERATE_INFOPLIST_FILE = YES;
				INFOPLIST_FILE = CashbackManager/Info.plist;
				INFOPLIST_KEY_CFBundleDisplayName = "Кэшбэк";
				INFOPLIST_KEY_LSApplicationCategoryType = "public.app-category.finance";
				INFOPLIST_KEY_UIApplicationSceneManifest_Generation = YES;
				INFOPLIST_KEY_UIApplicationSupportsIndirectInputEvents = YES;
				INFOPLIST_KEY_UILaunchScreen_Generation = YES;
				INFOPLIST_KEY_UISupportedInterfaceOrientations_iPad = "UIInterfaceOrientationPortrait UIInterfaceOrientationPortraitUpsideDown UIInterfaceOrientationLandscapeLeft UIInterfaceOrientationLandscapeRight";
				INFOPLIST_KEY_UISupportedInterfaceOrientations_iPhone = "UIInterfaceOrientationPortrait UIInterfaceOrientationLandscapeLeft UIInterfaceOrientationLandscapeRight";
				IPHONEOS_DEPLOYMENT_TARGET = 17.0;
				LD_RUNPATH_SEARCH_PATHS = (
					"$(inherited)",
					"@executable_path/Frameworks",
				);
				MARKETING_VERSION = 1.12.0;
				PRODUCT_BUNDLE_IDENTIFIER = com.alextos.CashbackManager;
				PRODUCT_NAME = "$(TARGET_NAME)";
				SWIFT_EMIT_LOC_STRINGS = YES;
				SWIFT_OPTIMIZATION_LEVEL = "-Onone";
				SWIFT_VERSION = 5.0;
				TARGETED_DEVICE_FAMILY = "1,2";
			};
			name = Debug;
		};
		27A5D7F32C394EC500B93512 /* Release */ = {
			isa = XCBuildConfiguration;
			baseConfigurationReference = 27368BF22C4CEE4800FC0475 /* Config.xcconfig */;
			buildSettings = {
				ALWAYS_EMBED_SWIFT_STANDARD_LIBRARIES = YES;
				ASSETCATALOG_COMPILER_APPICON_NAME = AppIcon;
				ASSETCATALOG_COMPILER_GLOBAL_ACCENT_COLOR_NAME = AccentColor;
				CLANG_ENABLE_MODULES = YES;
				CODE_SIGN_ENTITLEMENTS = CashbackManager/CashbackManager.entitlements;
				CODE_SIGN_STYLE = Automatic;
				CURRENT_PROJECT_VERSION = 1;
				DEVELOPMENT_TEAM = 579X949DTW;
				ENABLE_PREVIEWS = YES;
				GENERATE_INFOPLIST_FILE = YES;
				INFOPLIST_FILE = CashbackManager/Info.plist;
				INFOPLIST_KEY_CFBundleDisplayName = "Кэшбэк";
				INFOPLIST_KEY_LSApplicationCategoryType = "public.app-category.finance";
				INFOPLIST_KEY_UIApplicationSceneManifest_Generation = YES;
				INFOPLIST_KEY_UIApplicationSupportsIndirectInputEvents = YES;
				INFOPLIST_KEY_UILaunchScreen_Generation = YES;
				INFOPLIST_KEY_UISupportedInterfaceOrientations_iPad = "UIInterfaceOrientationPortrait UIInterfaceOrientationPortraitUpsideDown UIInterfaceOrientationLandscapeLeft UIInterfaceOrientationLandscapeRight";
				INFOPLIST_KEY_UISupportedInterfaceOrientations_iPhone = "UIInterfaceOrientationPortrait UIInterfaceOrientationLandscapeLeft UIInterfaceOrientationLandscapeRight";
				IPHONEOS_DEPLOYMENT_TARGET = 17.0;
				LD_RUNPATH_SEARCH_PATHS = (
					"$(inherited)",
					"@executable_path/Frameworks",
				);
				MARKETING_VERSION = 1.12.0;
				PRODUCT_BUNDLE_IDENTIFIER = com.alextos.CashbackManager;
				PRODUCT_NAME = "$(TARGET_NAME)";
				SWIFT_EMIT_LOC_STRINGS = YES;
				SWIFT_VERSION = 5.0;
				TARGETED_DEVICE_FAMILY = "1,2";
			};
			name = Release;
		};
		27A5D7F52C394EC500B93512 /* Debug */ = {
			isa = XCBuildConfiguration;
			buildSettings = {
				ALWAYS_EMBED_SWIFT_STANDARD_LIBRARIES = YES;
				BUNDLE_LOADER = "$(TEST_HOST)";
				CODE_SIGN_STYLE = Automatic;
				CURRENT_PROJECT_VERSION = 1;
				DEVELOPMENT_TEAM = 579X949DTW;
				GENERATE_INFOPLIST_FILE = YES;
				IPHONEOS_DEPLOYMENT_TARGET = 17.5;
				MARKETING_VERSION = 1.0;
				PRODUCT_BUNDLE_IDENTIFIER = com.alextos.CashbackManagerTests;
				PRODUCT_NAME = "$(TARGET_NAME)";
				SWIFT_EMIT_LOC_STRINGS = NO;
				SWIFT_VERSION = 5.0;
				TARGETED_DEVICE_FAMILY = "1,2";
				TEST_HOST = "$(BUILT_PRODUCTS_DIR)/CashbackManager.app/$(BUNDLE_EXECUTABLE_FOLDER_PATH)/CashbackManager";
			};
			name = Debug;
		};
		27A5D7F62C394EC500B93512 /* Release */ = {
			isa = XCBuildConfiguration;
			buildSettings = {
				ALWAYS_EMBED_SWIFT_STANDARD_LIBRARIES = YES;
				BUNDLE_LOADER = "$(TEST_HOST)";
				CODE_SIGN_STYLE = Automatic;
				CURRENT_PROJECT_VERSION = 1;
				DEVELOPMENT_TEAM = 579X949DTW;
				GENERATE_INFOPLIST_FILE = YES;
				IPHONEOS_DEPLOYMENT_TARGET = 17.5;
				MARKETING_VERSION = 1.0;
				PRODUCT_BUNDLE_IDENTIFIER = com.alextos.CashbackManagerTests;
				PRODUCT_NAME = "$(TARGET_NAME)";
				SWIFT_EMIT_LOC_STRINGS = NO;
				SWIFT_VERSION = 5.0;
				TARGETED_DEVICE_FAMILY = "1,2";
				TEST_HOST = "$(BUILT_PRODUCTS_DIR)/CashbackManager.app/$(BUNDLE_EXECUTABLE_FOLDER_PATH)/CashbackManager";
			};
			name = Release;
		};
		27A5D7F82C394EC500B93512 /* Debug */ = {
			isa = XCBuildConfiguration;
			buildSettings = {
				ALWAYS_EMBED_SWIFT_STANDARD_LIBRARIES = YES;
				CODE_SIGN_STYLE = Automatic;
				CURRENT_PROJECT_VERSION = 1;
				DEVELOPMENT_TEAM = 579X949DTW;
				GENERATE_INFOPLIST_FILE = YES;
				MARKETING_VERSION = 1.0;
				PRODUCT_BUNDLE_IDENTIFIER = com.alextos.CashbackManagerUITests;
				PRODUCT_NAME = "$(TARGET_NAME)";
				SWIFT_EMIT_LOC_STRINGS = NO;
				SWIFT_VERSION = 5.0;
				TARGETED_DEVICE_FAMILY = "1,2";
				TEST_TARGET_NAME = CashbackManager;
			};
			name = Debug;
		};
		27A5D7F92C394EC500B93512 /* Release */ = {
			isa = XCBuildConfiguration;
			buildSettings = {
				ALWAYS_EMBED_SWIFT_STANDARD_LIBRARIES = YES;
				CODE_SIGN_STYLE = Automatic;
				CURRENT_PROJECT_VERSION = 1;
				DEVELOPMENT_TEAM = 579X949DTW;
				GENERATE_INFOPLIST_FILE = YES;
				MARKETING_VERSION = 1.0;
				PRODUCT_BUNDLE_IDENTIFIER = com.alextos.CashbackManagerUITests;
				PRODUCT_NAME = "$(TARGET_NAME)";
				SWIFT_EMIT_LOC_STRINGS = NO;
				SWIFT_VERSION = 5.0;
				TARGETED_DEVICE_FAMILY = "1,2";
				TEST_TARGET_NAME = CashbackManager;
			};
			name = Release;
		};
/* End XCBuildConfiguration section */

/* Begin XCConfigurationList section */
		27368BCB2C4BB11200FC0475 /* Build configuration list for PBXNativeTarget "CashbackWidgetExtension" */ = {
			isa = XCConfigurationList;
			buildConfigurations = (
				27368BCC2C4BB11200FC0475 /* Debug */,
				27368BCD2C4BB11200FC0475 /* Release */,
			);
			defaultConfigurationIsVisible = 0;
			defaultConfigurationName = Release;
		};
		27A5D7C82C394EC400B93512 /* Build configuration list for PBXProject "CashbackManager" */ = {
			isa = XCConfigurationList;
			buildConfigurations = (
				27A5D7EF2C394EC500B93512 /* Debug */,
				27A5D7F02C394EC500B93512 /* Release */,
			);
			defaultConfigurationIsVisible = 0;
			defaultConfigurationName = Release;
		};
		27A5D7F12C394EC500B93512 /* Build configuration list for PBXNativeTarget "CashbackManager" */ = {
			isa = XCConfigurationList;
			buildConfigurations = (
				27A5D7F22C394EC500B93512 /* Debug */,
				27A5D7F32C394EC500B93512 /* Release */,
			);
			defaultConfigurationIsVisible = 0;
			defaultConfigurationName = Release;
		};
		27A5D7F42C394EC500B93512 /* Build configuration list for PBXNativeTarget "CashbackManagerTests" */ = {
			isa = XCConfigurationList;
			buildConfigurations = (
				27A5D7F52C394EC500B93512 /* Debug */,
				27A5D7F62C394EC500B93512 /* Release */,
			);
			defaultConfigurationIsVisible = 0;
			defaultConfigurationName = Release;
		};
		27A5D7F72C394EC500B93512 /* Build configuration list for PBXNativeTarget "CashbackManagerUITests" */ = {
			isa = XCConfigurationList;
			buildConfigurations = (
				27A5D7F82C394EC500B93512 /* Debug */,
				27A5D7F92C394EC500B93512 /* Release */,
			);
			defaultConfigurationIsVisible = 0;
			defaultConfigurationName = Release;
		};
/* End XCConfigurationList section */

/* Begin XCSwiftPackageProductDependency section */
		2714FEA72C54CA3A0014CFE0 /* PlaceFeature */ = {
			isa = XCSwiftPackageProductDependency;
			productName = PlaceFeature;
		};
		2714FEA92C57C3580014CFE0 /* SearchService */ = {
			isa = XCSwiftPackageProductDependency;
			productName = SearchService;
		};
		27208E722C54C4970097794D /* CashbackFeature */ = {
			isa = XCSwiftPackageProductDependency;
			productName = CashbackFeature;
		};
		272CA8D32C54C6E600A00E90 /* Domain */ = {
			isa = XCSwiftPackageProductDependency;
			productName = Domain;
		};
		27368BDF2C4BB85400FC0475 /* Domain */ = {
			isa = XCSwiftPackageProductDependency;
			productName = Domain;
		};
		27368BE92C4CDE9A00FC0475 /* DesignSystem */ = {
			isa = XCSwiftPackageProductDependency;
			productName = DesignSystem;
		};
		274861FA2C53463E00788C1A /* CardsService */ = {
			isa = XCSwiftPackageProductDependency;
			productName = CardsService;
		};
		274862082C534AB200788C1A /* Shared */ = {
			isa = XCSwiftPackageProductDependency;
			productName = Shared;
		};
		2755A30F2CB9742A002F61EC /* PaymentFeature */ = {
			isa = XCSwiftPackageProductDependency;
			productName = PaymentFeature;
		};
		2755A3112CBA4B73002F61EC /* IncomeService */ = {
			isa = XCSwiftPackageProductDependency;
			productName = IncomeService;
		};
		2755A3132CBA4B7D002F61EC /* IncomeService */ = {
			isa = XCSwiftPackageProductDependency;
			productName = IncomeService;
		};
		2755A3242CC9EECC002F61EC /* NotificationService */ = {
			isa = XCSwiftPackageProductDependency;
			productName = NotificationService;
		};
		2755A3262CC9F113002F61EC /* NotificationService */ = {
			isa = XCSwiftPackageProductDependency;
			productName = NotificationService;
		};
		2755A32D2CCD5B23002F61EC /* UserDataService */ = {
			isa = XCSwiftPackageProductDependency;
			productName = UserDataService;
		};
		2755A32F2CCD5B2A002F61EC /* UserDataService */ = {
			isa = XCSwiftPackageProductDependency;
			productName = UserDataService;
		};
		277130E52C73C0AA00C26CD8 /* CategoryService */ = {
			isa = XCSwiftPackageProductDependency;
			productName = CategoryService;
		};
		277130E72C73C0AF00C26CD8 /* PlaceService */ = {
			isa = XCSwiftPackageProductDependency;
			productName = PlaceService;
		};
		277130E92C73C0B200C26CD8 /* SearchService */ = {
			isa = XCSwiftPackageProductDependency;
			productName = SearchService;
		};
		2781B1232CD7CCA30081A927 /* CashbackFeature */ = {
			isa = XCSwiftPackageProductDependency;
			productName = CashbackFeature;
		};
		27AB37262C73BBE200A00939 /* CategoryService */ = {
			isa = XCSwiftPackageProductDependency;
			productName = CategoryService;
		};
		27AB37282C73BBE700A00939 /* PlaceService */ = {
			isa = XCSwiftPackageProductDependency;
			productName = PlaceService;
		};
		27AB372A2C73BE4B00A00939 /* CardsService */ = {
			isa = XCSwiftPackageProductDependency;
			productName = CardsService;
		};
		27D329D42C9C894B00964504 /* TextDetectionService */ = {
			isa = XCSwiftPackageProductDependency;
			productName = TextDetectionService;
		};
		27D329D62C9C8A4D00964504 /* TextDetectionService */ = {
			isa = XCSwiftPackageProductDependency;
			productName = TextDetectionService;
		};
/* End XCSwiftPackageProductDependency section */
	};
	rootObject = 27A5D7C52C394EC400B93512 /* Project object */;
}
